// !$*UTF8*$!
{
	archiveVersion = 1;
	classes = {
	};
	objectVersion = 56;
	objects = {

/* Begin PBXBuildFile section */
		5F88B72828E2F94500FABB2A /* SettingsViewModel.swift in Sources */ = {isa = PBXBuildFile; fileRef = 5F88B72728E2F94500FABB2A /* SettingsViewModel.swift */; };
		5F88B72A28E4463900FABB2A /* DefaultsKeys.swift in Sources */ = {isa = PBXBuildFile; fileRef = 5F88B72928E4463900FABB2A /* DefaultsKeys.swift */; };
		5FC8CFA828E1970F00032DA4 /* ConstantBPM Watch App.app in Embed Watch Content */ = {isa = PBXBuildFile; fileRef = 5FC8CFA728E1970F00032DA4 /* ConstantBPM Watch App.app */; settings = {ATTRIBUTES = (RemoveHeadersOnCopy, ); }; };
		5FC8CFAD28E1970F00032DA4 /* ConstantBPMApp.swift in Sources */ = {isa = PBXBuildFile; fileRef = 5FC8CFAC28E1970F00032DA4 /* ConstantBPMApp.swift */; };
		5FC8CFAF28E1970F00032DA4 /* MainView.swift in Sources */ = {isa = PBXBuildFile; fileRef = 5FC8CFAE28E1970F00032DA4 /* MainView.swift */; };
		5FC8CFB128E1971000032DA4 /* Assets.xcassets in Resources */ = {isa = PBXBuildFile; fileRef = 5FC8CFB028E1971000032DA4 /* Assets.xcassets */; };
		5FC8CFB428E1971000032DA4 /* Preview Assets.xcassets in Resources */ = {isa = PBXBuildFile; fileRef = 5FC8CFB328E1971000032DA4 /* Preview Assets.xcassets */; };
		5FC8CFDB28E19EB700032DA4 /* readme.md in Resources */ = {isa = PBXBuildFile; fileRef = 5FC8CFDA28E19EB700032DA4 /* readme.md */; };
		5FC8CFDE28E19F1900032DA4 /* MainViewModel.swift in Sources */ = {isa = PBXBuildFile; fileRef = 5FC8CFDD28E19F1900032DA4 /* MainViewModel.swift */; };
		5FC8CFE128E19F5A00032DA4 /* UserConstants.swift in Sources */ = {isa = PBXBuildFile; fileRef = 5FC8CFE028E19F5A00032DA4 /* UserConstants.swift */; };
		5FC8CFE728E1B3AC00032DA4 /* HealthKit.framework in Frameworks */ = {isa = PBXBuildFile; fileRef = 5FC8CFE628E1B3AC00032DA4 /* HealthKit.framework */; };
		5FC8CFF928E1B82800032DA4 /* Framework.framework in Frameworks */ = {isa = PBXBuildFile; fileRef = 5FC8CFEF28E1B82800032DA4 /* Framework.framework */; };
		5FC8D00A28E2E4BE00032DA4 /* StartView.swift in Sources */ = {isa = PBXBuildFile; fileRef = 5FC8D00928E2E4BE00032DA4 /* StartView.swift */; };
		5FC8D00C28E2E4C600032DA4 /* SettingsView.swift in Sources */ = {isa = PBXBuildFile; fileRef = 5FC8D00B28E2E4C600032DA4 /* SettingsView.swift */; };
		5FC8D00E28E2E66B00032DA4 /* FetchUserConstantsService.swift in Sources */ = {isa = PBXBuildFile; fileRef = 5FC8D00D28E2E66B00032DA4 /* FetchUserConstantsService.swift */; };
		5FC8D01028E2E67900032DA4 /* FetchUserConstantsServiceProtocol.swift in Sources */ = {isa = PBXBuildFile; fileRef = 5FC8D00F28E2E67900032DA4 /* FetchUserConstantsServiceProtocol.swift */; };
		5FC8D01328E2E73700032DA4 /* FetchUserConstantsServiceDelegate.swift in Sources */ = {isa = PBXBuildFile; fileRef = 5FC8D01228E2E73700032DA4 /* FetchUserConstantsServiceDelegate.swift */; };
/* End PBXBuildFile section */

/* Begin PBXContainerItemProxy section */
		5FC8CFA928E1970F00032DA4 /* PBXContainerItemProxy */ = {
			isa = PBXContainerItemProxy;
			containerPortal = 5FC8CF9B28E1970F00032DA4 /* Project object */;
			proxyType = 1;
			remoteGlobalIDString = 5FC8CFA628E1970F00032DA4;
			remoteInfo = "ConstantBPM Watch App";
		};
		5FC8CFBA28E1971000032DA4 /* PBXContainerItemProxy */ = {
			isa = PBXContainerItemProxy;
			containerPortal = 5FC8CF9B28E1970F00032DA4 /* Project object */;
			proxyType = 1;
			remoteGlobalIDString = 5FC8CFA628E1970F00032DA4;
			remoteInfo = "ConstantBPM Watch App";
		};
		5FC8CFC428E1971000032DA4 /* PBXContainerItemProxy */ = {
			isa = PBXContainerItemProxy;
			containerPortal = 5FC8CF9B28E1970F00032DA4 /* Project object */;
			proxyType = 1;
			remoteGlobalIDString = 5FC8CFA628E1970F00032DA4;
			remoteInfo = "ConstantBPM Watch App";
		};
		5FC8CFFA28E1B82800032DA4 /* PBXContainerItemProxy */ = {
			isa = PBXContainerItemProxy;
			containerPortal = 5FC8CF9B28E1970F00032DA4 /* Project object */;
			proxyType = 1;
			remoteGlobalIDString = 5FC8CFEE28E1B82800032DA4;
			remoteInfo = Framework;
		};
/* End PBXContainerItemProxy section */

/* Begin PBXCopyFilesBuildPhase section */
		5FC8CFD028E1971000032DA4 /* Embed Watch Content */ = {
			isa = PBXCopyFilesBuildPhase;
			buildActionMask = 2147483647;
			dstPath = "$(CONTENTS_FOLDER_PATH)/Watch";
			dstSubfolderSpec = 16;
			files = (
				5FC8CFA828E1970F00032DA4 /* ConstantBPM Watch App.app in Embed Watch Content */,
			);
			name = "Embed Watch Content";
			runOnlyForDeploymentPostprocessing = 0;
		};
/* End PBXCopyFilesBuildPhase section */

/* Begin PBXFileReference section */
		5F88B72728E2F94500FABB2A /* SettingsViewModel.swift */ = {isa = PBXFileReference; lastKnownFileType = sourcecode.swift; path = SettingsViewModel.swift; sourceTree = "<group>"; };
		5F88B72928E4463900FABB2A /* DefaultsKeys.swift */ = {isa = PBXFileReference; lastKnownFileType = sourcecode.swift; path = DefaultsKeys.swift; sourceTree = "<group>"; };
		5FC8CFA128E1970F00032DA4 /* ConstantBPM.app */ = {isa = PBXFileReference; explicitFileType = wrapper.application; includeInIndex = 0; path = ConstantBPM.app; sourceTree = BUILT_PRODUCTS_DIR; };
		5FC8CFA728E1970F00032DA4 /* ConstantBPM Watch App.app */ = {isa = PBXFileReference; explicitFileType = wrapper.application; includeInIndex = 0; path = "ConstantBPM Watch App.app"; sourceTree = BUILT_PRODUCTS_DIR; };
		5FC8CFAC28E1970F00032DA4 /* ConstantBPMApp.swift */ = {isa = PBXFileReference; lastKnownFileType = sourcecode.swift; path = ConstantBPMApp.swift; sourceTree = "<group>"; };
		5FC8CFAE28E1970F00032DA4 /* MainView.swift */ = {isa = PBXFileReference; lastKnownFileType = sourcecode.swift; path = MainView.swift; sourceTree = "<group>"; };
		5FC8CFB028E1971000032DA4 /* Assets.xcassets */ = {isa = PBXFileReference; lastKnownFileType = folder.assetcatalog; path = Assets.xcassets; sourceTree = "<group>"; };
		5FC8CFB328E1971000032DA4 /* Preview Assets.xcassets */ = {isa = PBXFileReference; lastKnownFileType = folder.assetcatalog; path = "Preview Assets.xcassets"; sourceTree = "<group>"; };
		5FC8CFB928E1971000032DA4 /* ConstantBPM Watch AppTests.xctest */ = {isa = PBXFileReference; explicitFileType = wrapper.cfbundle; includeInIndex = 0; path = "ConstantBPM Watch AppTests.xctest"; sourceTree = BUILT_PRODUCTS_DIR; };
		5FC8CFC328E1971000032DA4 /* ConstantBPM Watch AppUITests.xctest */ = {isa = PBXFileReference; explicitFileType = wrapper.cfbundle; includeInIndex = 0; path = "ConstantBPM Watch AppUITests.xctest"; sourceTree = BUILT_PRODUCTS_DIR; };
		5FC8CFDA28E19EB700032DA4 /* readme.md */ = {isa = PBXFileReference; lastKnownFileType = net.daringfireball.markdown; path = readme.md; sourceTree = "<group>"; };
		5FC8CFDD28E19F1900032DA4 /* MainViewModel.swift */ = {isa = PBXFileReference; lastKnownFileType = sourcecode.swift; path = MainViewModel.swift; sourceTree = "<group>"; };
		5FC8CFE028E19F5A00032DA4 /* UserConstants.swift */ = {isa = PBXFileReference; lastKnownFileType = sourcecode.swift; path = UserConstants.swift; sourceTree = "<group>"; };
		5FC8CFE428E1B39400032DA4 /* ConstantBPM Watch App.entitlements */ = {isa = PBXFileReference; lastKnownFileType = text.plist.entitlements; path = "ConstantBPM Watch App.entitlements"; sourceTree = "<group>"; };
		5FC8CFE628E1B3AC00032DA4 /* HealthKit.framework */ = {isa = PBXFileReference; lastKnownFileType = wrapper.framework; name = HealthKit.framework; path = Platforms/WatchOS.platform/Developer/SDKs/WatchOS9.0.sdk/System/Library/Frameworks/HealthKit.framework; sourceTree = DEVELOPER_DIR; };
		5FC8CFEF28E1B82800032DA4 /* Framework.framework */ = {isa = PBXFileReference; explicitFileType = wrapper.framework; includeInIndex = 0; path = Framework.framework; sourceTree = BUILT_PRODUCTS_DIR; };
		5FC8CFF828E1B82800032DA4 /* FrameworkTests.xctest */ = {isa = PBXFileReference; explicitFileType = wrapper.cfbundle; includeInIndex = 0; path = FrameworkTests.xctest; sourceTree = BUILT_PRODUCTS_DIR; };
		5FC8D00928E2E4BE00032DA4 /* StartView.swift */ = {isa = PBXFileReference; lastKnownFileType = sourcecode.swift; path = StartView.swift; sourceTree = "<group>"; };
		5FC8D00B28E2E4C600032DA4 /* SettingsView.swift */ = {isa = PBXFileReference; lastKnownFileType = sourcecode.swift; path = SettingsView.swift; sourceTree = "<group>"; };
		5FC8D00D28E2E66B00032DA4 /* FetchUserConstantsService.swift */ = {isa = PBXFileReference; lastKnownFileType = sourcecode.swift; path = FetchUserConstantsService.swift; sourceTree = "<group>"; };
		5FC8D00F28E2E67900032DA4 /* FetchUserConstantsServiceProtocol.swift */ = {isa = PBXFileReference; lastKnownFileType = sourcecode.swift; path = FetchUserConstantsServiceProtocol.swift; sourceTree = "<group>"; };
		5FC8D01228E2E73700032DA4 /* FetchUserConstantsServiceDelegate.swift */ = {isa = PBXFileReference; lastKnownFileType = sourcecode.swift; path = FetchUserConstantsServiceDelegate.swift; sourceTree = "<group>"; };
/* End PBXFileReference section */

/* Begin PBXFrameworksBuildPhase section */
		5FC8CFA428E1970F00032DA4 /* Frameworks */ = {
			isa = PBXFrameworksBuildPhase;
			buildActionMask = 2147483647;
			files = (
				5FC8CFE728E1B3AC00032DA4 /* HealthKit.framework in Frameworks */,
			);
			runOnlyForDeploymentPostprocessing = 0;
		};
		5FC8CFB628E1971000032DA4 /* Frameworks */ = {
			isa = PBXFrameworksBuildPhase;
			buildActionMask = 2147483647;
			files = (
			);
			runOnlyForDeploymentPostprocessing = 0;
		};
		5FC8CFC028E1971000032DA4 /* Frameworks */ = {
			isa = PBXFrameworksBuildPhase;
			buildActionMask = 2147483647;
			files = (
			);
			runOnlyForDeploymentPostprocessing = 0;
		};
		5FC8CFEC28E1B82800032DA4 /* Frameworks */ = {
			isa = PBXFrameworksBuildPhase;
			buildActionMask = 2147483647;
			files = (
			);
			runOnlyForDeploymentPostprocessing = 0;
		};
		5FC8CFF528E1B82800032DA4 /* Frameworks */ = {
			isa = PBXFrameworksBuildPhase;
			buildActionMask = 2147483647;
			files = (
				5FC8CFF928E1B82800032DA4 /* Framework.framework in Frameworks */,
			);
			runOnlyForDeploymentPostprocessing = 0;
		};
/* End PBXFrameworksBuildPhase section */

/* Begin PBXGroup section */
		5F88B72B28E4463C00FABB2A /* Keys */ = {
			isa = PBXGroup;
			children = (
				5F88B72928E4463900FABB2A /* DefaultsKeys.swift */,
			);
			path = Keys;
			sourceTree = "<group>";
		};
		5FC8CF9A28E1970F00032DA4 = {
			isa = PBXGroup;
			children = (
				5FC8CFDA28E19EB700032DA4 /* readme.md */,
				5FC8CFAB28E1970F00032DA4 /* ConstantBPM Watch App */,
				5FC8CFA228E1970F00032DA4 /* Products */,
				5FC8CFE528E1B3AC00032DA4 /* Frameworks */,
			);
			sourceTree = "<group>";
		};
		5FC8CFA228E1970F00032DA4 /* Products */ = {
			isa = PBXGroup;
			children = (
				5FC8CFA128E1970F00032DA4 /* ConstantBPM.app */,
				5FC8CFA728E1970F00032DA4 /* ConstantBPM Watch App.app */,
				5FC8CFB928E1971000032DA4 /* ConstantBPM Watch AppTests.xctest */,
				5FC8CFC328E1971000032DA4 /* ConstantBPM Watch AppUITests.xctest */,
				5FC8CFEF28E1B82800032DA4 /* Framework.framework */,
				5FC8CFF828E1B82800032DA4 /* FrameworkTests.xctest */,
			);
			name = Products;
			sourceTree = "<group>";
		};
		5FC8CFAB28E1970F00032DA4 /* ConstantBPM Watch App */ = {
			isa = PBXGroup;
			children = (
				5FC8CFE428E1B39400032DA4 /* ConstantBPM Watch App.entitlements */,
				5FC8CFAC28E1970F00032DA4 /* ConstantBPMApp.swift */,
				5FC8CFE228E19F6800032DA4 /* Model */,
				5FC8CFDC28E19EF700032DA4 /* View */,
				5FC8CFDF28E19F1C00032DA4 /* ViewModel */,
				5FC8D01128E2E68000032DA4 /* Service */,
				5F88B72B28E4463C00FABB2A /* Keys */,
				5FC8CFB028E1971000032DA4 /* Assets.xcassets */,
				5FC8CFB228E1971000032DA4 /* Preview Content */,
			);
			path = "ConstantBPM Watch App";
			sourceTree = "<group>";
		};
		5FC8CFB228E1971000032DA4 /* Preview Content */ = {
			isa = PBXGroup;
			children = (
				5FC8CFB328E1971000032DA4 /* Preview Assets.xcassets */,
			);
			path = "Preview Content";
			sourceTree = "<group>";
		};
		5FC8CFDC28E19EF700032DA4 /* View */ = {
			isa = PBXGroup;
			children = (
				5FC8CFAE28E1970F00032DA4 /* MainView.swift */,
				5FC8D00928E2E4BE00032DA4 /* StartView.swift */,
				5FC8D00B28E2E4C600032DA4 /* SettingsView.swift */,
			);
			path = View;
			sourceTree = "<group>";
		};
		5FC8CFDF28E19F1C00032DA4 /* ViewModel */ = {
			isa = PBXGroup;
			children = (
				5FC8CFDD28E19F1900032DA4 /* MainViewModel.swift */,
				5F88B72728E2F94500FABB2A /* SettingsViewModel.swift */,
			);
			path = ViewModel;
			sourceTree = "<group>";
		};
		5FC8CFE228E19F6800032DA4 /* Model */ = {
			isa = PBXGroup;
			children = (
				5FC8CFE028E19F5A00032DA4 /* UserConstants.swift */,
			);
			path = Model;
			sourceTree = "<group>";
		};
		5FC8CFE528E1B3AC00032DA4 /* Frameworks */ = {
			isa = PBXGroup;
			children = (
				5FC8CFE628E1B3AC00032DA4 /* HealthKit.framework */,
			);
			name = Frameworks;
			sourceTree = "<group>";
		};
		5FC8D01128E2E68000032DA4 /* Service */ = {
			isa = PBXGroup;
			children = (
				5FC8D00D28E2E66B00032DA4 /* FetchUserConstantsService.swift */,
				5FC8D00F28E2E67900032DA4 /* FetchUserConstantsServiceProtocol.swift */,
				5FC8D01228E2E73700032DA4 /* FetchUserConstantsServiceDelegate.swift */,
			);
			path = Service;
			sourceTree = "<group>";
		};
/* End PBXGroup section */

/* Begin PBXHeadersBuildPhase section */
		5FC8CFEA28E1B82800032DA4 /* Headers */ = {
			isa = PBXHeadersBuildPhase;
			buildActionMask = 2147483647;
			files = (
			);
			runOnlyForDeploymentPostprocessing = 0;
		};
/* End PBXHeadersBuildPhase section */

/* Begin PBXNativeTarget section */
		5FC8CFA028E1970F00032DA4 /* ConstantBPM */ = {
			isa = PBXNativeTarget;
			buildConfigurationList = 5FC8CFD128E1971000032DA4 /* Build configuration list for PBXNativeTarget "ConstantBPM" */;
			buildPhases = (
				5FC8CF9F28E1970F00032DA4 /* Resources */,
				5FC8CFD028E1971000032DA4 /* Embed Watch Content */,
			);
			buildRules = (
			);
			dependencies = (
				5FC8CFAA28E1970F00032DA4 /* PBXTargetDependency */,
			);
			name = ConstantBPM;
			productName = ConstantBPM;
			productReference = 5FC8CFA128E1970F00032DA4 /* ConstantBPM.app */;
			productType = "com.apple.product-type.application.watchapp2-container";
		};
		5FC8CFA628E1970F00032DA4 /* ConstantBPM Watch App */ = {
			isa = PBXNativeTarget;
			buildConfigurationList = 5FC8CFCD28E1971000032DA4 /* Build configuration list for PBXNativeTarget "ConstantBPM Watch App" */;
			buildPhases = (
				5FC8CFA328E1970F00032DA4 /* Sources */,
				5FC8CFA428E1970F00032DA4 /* Frameworks */,
				5FC8CFA528E1970F00032DA4 /* Resources */,
			);
			buildRules = (
			);
			dependencies = (
			);
			name = "ConstantBPM Watch App";
			productName = "ConstantBPM Watch App";
			productReference = 5FC8CFA728E1970F00032DA4 /* ConstantBPM Watch App.app */;
			productType = "com.apple.product-type.application";
		};
		5FC8CFB828E1971000032DA4 /* ConstantBPM Watch AppTests */ = {
			isa = PBXNativeTarget;
			buildConfigurationList = 5FC8CFD428E1971000032DA4 /* Build configuration list for PBXNativeTarget "ConstantBPM Watch AppTests" */;
			buildPhases = (
				5FC8CFB528E1971000032DA4 /* Sources */,
				5FC8CFB628E1971000032DA4 /* Frameworks */,
				5FC8CFB728E1971000032DA4 /* Resources */,
			);
			buildRules = (
			);
			dependencies = (
				5FC8CFBB28E1971000032DA4 /* PBXTargetDependency */,
			);
			name = "ConstantBPM Watch AppTests";
			productName = "ConstantBPM Watch AppTests";
			productReference = 5FC8CFB928E1971000032DA4 /* ConstantBPM Watch AppTests.xctest */;
			productType = "com.apple.product-type.bundle.unit-test";
		};
		5FC8CFC228E1971000032DA4 /* ConstantBPM Watch AppUITests */ = {
			isa = PBXNativeTarget;
			buildConfigurationList = 5FC8CFD728E1971000032DA4 /* Build configuration list for PBXNativeTarget "ConstantBPM Watch AppUITests" */;
			buildPhases = (
				5FC8CFBF28E1971000032DA4 /* Sources */,
				5FC8CFC028E1971000032DA4 /* Frameworks */,
				5FC8CFC128E1971000032DA4 /* Resources */,
			);
			buildRules = (
			);
			dependencies = (
				5FC8CFC528E1971000032DA4 /* PBXTargetDependency */,
			);
			name = "ConstantBPM Watch AppUITests";
			productName = "ConstantBPM Watch AppUITests";
			productReference = 5FC8CFC328E1971000032DA4 /* ConstantBPM Watch AppUITests.xctest */;
			productType = "com.apple.product-type.bundle.ui-testing";
		};
		5FC8CFEE28E1B82800032DA4 /* Framework */ = {
			isa = PBXNativeTarget;
			buildConfigurationList = 5FC8D00028E1B82900032DA4 /* Build configuration list for PBXNativeTarget "Framework" */;
			buildPhases = (
				5FC8CFEA28E1B82800032DA4 /* Headers */,
				5FC8CFEB28E1B82800032DA4 /* Sources */,
				5FC8CFEC28E1B82800032DA4 /* Frameworks */,
				5FC8CFED28E1B82800032DA4 /* Resources */,
			);
			buildRules = (
			);
			dependencies = (
			);
			name = Framework;
			productName = Framework;
			productReference = 5FC8CFEF28E1B82800032DA4 /* Framework.framework */;
			productType = "com.apple.product-type.framework";
		};
		5FC8CFF728E1B82800032DA4 /* FrameworkTests */ = {
			isa = PBXNativeTarget;
			buildConfigurationList = 5FC8D00328E1B82900032DA4 /* Build configuration list for PBXNativeTarget "FrameworkTests" */;
			buildPhases = (
				5FC8CFF428E1B82800032DA4 /* Sources */,
				5FC8CFF528E1B82800032DA4 /* Frameworks */,
				5FC8CFF628E1B82800032DA4 /* Resources */,
			);
			buildRules = (
			);
			dependencies = (
				5FC8CFFB28E1B82800032DA4 /* PBXTargetDependency */,
			);
			name = FrameworkTests;
			productName = FrameworkTests;
			productReference = 5FC8CFF828E1B82800032DA4 /* FrameworkTests.xctest */;
			productType = "com.apple.product-type.bundle.unit-test";
		};
/* End PBXNativeTarget section */

/* Begin PBXProject section */
		5FC8CF9B28E1970F00032DA4 /* Project object */ = {
			isa = PBXProject;
			attributes = {
				BuildIndependentTargetsInParallel = 1;
				LastSwiftUpdateCheck = 1400;
				LastUpgradeCheck = 1400;
				TargetAttributes = {
					5FC8CFA028E1970F00032DA4 = {
						CreatedOnToolsVersion = 14.0;
					};
					5FC8CFA628E1970F00032DA4 = {
						CreatedOnToolsVersion = 14.0;
					};
					5FC8CFB828E1971000032DA4 = {
						CreatedOnToolsVersion = 14.0;
						TestTargetID = 5FC8CFA628E1970F00032DA4;
					};
					5FC8CFC228E1971000032DA4 = {
						CreatedOnToolsVersion = 14.0;
						TestTargetID = 5FC8CFA628E1970F00032DA4;
					};
					5FC8CFEE28E1B82800032DA4 = {
						CreatedOnToolsVersion = 14.0;
					};
					5FC8CFF728E1B82800032DA4 = {
						CreatedOnToolsVersion = 14.0;
					};
				};
			};
			buildConfigurationList = 5FC8CF9E28E1970F00032DA4 /* Build configuration list for PBXProject "ConstantBPM" */;
			compatibilityVersion = "Xcode 14.0";
			developmentRegion = en;
			hasScannedForEncodings = 0;
			knownRegions = (
				en,
				Base,
			);
			mainGroup = 5FC8CF9A28E1970F00032DA4;
			productRefGroup = 5FC8CFA228E1970F00032DA4 /* Products */;
			projectDirPath = "";
			projectRoot = "";
			targets = (
				5FC8CFA028E1970F00032DA4 /* ConstantBPM */,
				5FC8CFA628E1970F00032DA4 /* ConstantBPM Watch App */,
				5FC8CFB828E1971000032DA4 /* ConstantBPM Watch AppTests */,
				5FC8CFC228E1971000032DA4 /* ConstantBPM Watch AppUITests */,
				5FC8CFEE28E1B82800032DA4 /* Framework */,
				5FC8CFF728E1B82800032DA4 /* FrameworkTests */,
			);
		};
/* End PBXProject section */

/* Begin PBXResourcesBuildPhase section */
		5FC8CF9F28E1970F00032DA4 /* Resources */ = {
			isa = PBXResourcesBuildPhase;
			buildActionMask = 2147483647;
			files = (
				5FC8CFDB28E19EB700032DA4 /* readme.md in Resources */,
			);
			runOnlyForDeploymentPostprocessing = 0;
		};
		5FC8CFA528E1970F00032DA4 /* Resources */ = {
			isa = PBXResourcesBuildPhase;
			buildActionMask = 2147483647;
			files = (
				5FC8CFB428E1971000032DA4 /* Preview Assets.xcassets in Resources */,
				5FC8CFB128E1971000032DA4 /* Assets.xcassets in Resources */,
			);
			runOnlyForDeploymentPostprocessing = 0;
		};
		5FC8CFB728E1971000032DA4 /* Resources */ = {
			isa = PBXResourcesBuildPhase;
			buildActionMask = 2147483647;
			files = (
			);
			runOnlyForDeploymentPostprocessing = 0;
		};
		5FC8CFC128E1971000032DA4 /* Resources */ = {
			isa = PBXResourcesBuildPhase;
			buildActionMask = 2147483647;
			files = (
			);
			runOnlyForDeploymentPostprocessing = 0;
		};
		5FC8CFED28E1B82800032DA4 /* Resources */ = {
			isa = PBXResourcesBuildPhase;
			buildActionMask = 2147483647;
			files = (
			);
			runOnlyForDeploymentPostprocessing = 0;
		};
		5FC8CFF628E1B82800032DA4 /* Resources */ = {
			isa = PBXResourcesBuildPhase;
			buildActionMask = 2147483647;
			files = (
			);
			runOnlyForDeploymentPostprocessing = 0;
		};
/* End PBXResourcesBuildPhase section */

/* Begin PBXSourcesBuildPhase section */
		5FC8CFA328E1970F00032DA4 /* Sources */ = {
			isa = PBXSourcesBuildPhase;
			buildActionMask = 2147483647;
			files = (
				5FC8CFAF28E1970F00032DA4 /* MainView.swift in Sources */,
				5FC8D00E28E2E66B00032DA4 /* FetchUserConstantsService.swift in Sources */,
				5FC8D00A28E2E4BE00032DA4 /* StartView.swift in Sources */,
				5FC8D01028E2E67900032DA4 /* FetchUserConstantsServiceProtocol.swift in Sources */,
				5FC8D01328E2E73700032DA4 /* FetchUserConstantsServiceDelegate.swift in Sources */,
				5FC8CFAD28E1970F00032DA4 /* ConstantBPMApp.swift in Sources */,
				5FC8D00C28E2E4C600032DA4 /* SettingsView.swift in Sources */,
				5F88B72828E2F94500FABB2A /* SettingsViewModel.swift in Sources */,
				5FC8CFE128E19F5A00032DA4 /* UserConstants.swift in Sources */,
				5FC8CFDE28E19F1900032DA4 /* MainViewModel.swift in Sources */,
				5F88B72A28E4463900FABB2A /* DefaultsKeys.swift in Sources */,
			);
			runOnlyForDeploymentPostprocessing = 0;
		};
		5FC8CFB528E1971000032DA4 /* Sources */ = {
			isa = PBXSourcesBuildPhase;
			buildActionMask = 2147483647;
			files = (
			);
			runOnlyForDeploymentPostprocessing = 0;
		};
		5FC8CFBF28E1971000032DA4 /* Sources */ = {
			isa = PBXSourcesBuildPhase;
			buildActionMask = 2147483647;
			files = (
			);
			runOnlyForDeploymentPostprocessing = 0;
		};
		5FC8CFEB28E1B82800032DA4 /* Sources */ = {
			isa = PBXSourcesBuildPhase;
			buildActionMask = 2147483647;
			files = (
			);
			runOnlyForDeploymentPostprocessing = 0;
		};
		5FC8CFF428E1B82800032DA4 /* Sources */ = {
			isa = PBXSourcesBuildPhase;
			buildActionMask = 2147483647;
			files = (
			);
			runOnlyForDeploymentPostprocessing = 0;
		};
/* End PBXSourcesBuildPhase section */

/* Begin PBXTargetDependency section */
		5FC8CFAA28E1970F00032DA4 /* PBXTargetDependency */ = {
			isa = PBXTargetDependency;
			target = 5FC8CFA628E1970F00032DA4 /* ConstantBPM Watch App */;
			targetProxy = 5FC8CFA928E1970F00032DA4 /* PBXContainerItemProxy */;
		};
		5FC8CFBB28E1971000032DA4 /* PBXTargetDependency */ = {
			isa = PBXTargetDependency;
			target = 5FC8CFA628E1970F00032DA4 /* ConstantBPM Watch App */;
			targetProxy = 5FC8CFBA28E1971000032DA4 /* PBXContainerItemProxy */;
		};
		5FC8CFC528E1971000032DA4 /* PBXTargetDependency */ = {
			isa = PBXTargetDependency;
			target = 5FC8CFA628E1970F00032DA4 /* ConstantBPM Watch App */;
			targetProxy = 5FC8CFC428E1971000032DA4 /* PBXContainerItemProxy */;
		};
		5FC8CFFB28E1B82800032DA4 /* PBXTargetDependency */ = {
			isa = PBXTargetDependency;
			target = 5FC8CFEE28E1B82800032DA4 /* Framework */;
			targetProxy = 5FC8CFFA28E1B82800032DA4 /* PBXContainerItemProxy */;
		};
/* End PBXTargetDependency section */

/* Begin XCBuildConfiguration section */
		5FC8CFCB28E1971000032DA4 /* Debug */ = {
			isa = XCBuildConfiguration;
			buildSettings = {
				ALWAYS_SEARCH_USER_PATHS = NO;
				CLANG_ANALYZER_NONNULL = YES;
				CLANG_ANALYZER_NUMBER_OBJECT_CONVERSION = YES_AGGRESSIVE;
				CLANG_CXX_LANGUAGE_STANDARD = "gnu++20";
				CLANG_ENABLE_MODULES = YES;
				CLANG_ENABLE_OBJC_ARC = YES;
				CLANG_ENABLE_OBJC_WEAK = YES;
				CLANG_WARN_BLOCK_CAPTURE_AUTORELEASING = YES;
				CLANG_WARN_BOOL_CONVERSION = YES;
				CLANG_WARN_COMMA = YES;
				CLANG_WARN_CONSTANT_CONVERSION = YES;
				CLANG_WARN_DEPRECATED_OBJC_IMPLEMENTATIONS = YES;
				CLANG_WARN_DIRECT_OBJC_ISA_USAGE = YES_ERROR;
				CLANG_WARN_DOCUMENTATION_COMMENTS = YES;
				CLANG_WARN_EMPTY_BODY = YES;
				CLANG_WARN_ENUM_CONVERSION = YES;
				CLANG_WARN_INFINITE_RECURSION = YES;
				CLANG_WARN_INT_CONVERSION = YES;
				CLANG_WARN_NON_LITERAL_NULL_CONVERSION = YES;
				CLANG_WARN_OBJC_IMPLICIT_RETAIN_SELF = YES;
				CLANG_WARN_OBJC_LITERAL_CONVERSION = YES;
				CLANG_WARN_OBJC_ROOT_CLASS = YES_ERROR;
				CLANG_WARN_QUOTED_INCLUDE_IN_FRAMEWORK_HEADER = YES;
				CLANG_WARN_RANGE_LOOP_ANALYSIS = YES;
				CLANG_WARN_STRICT_PROTOTYPES = YES;
				CLANG_WARN_SUSPICIOUS_MOVE = YES;
				CLANG_WARN_UNGUARDED_AVAILABILITY = YES_AGGRESSIVE;
				CLANG_WARN_UNREACHABLE_CODE = YES;
				CLANG_WARN__DUPLICATE_METHOD_MATCH = YES;
				COPY_PHASE_STRIP = NO;
				DEBUG_INFORMATION_FORMAT = dwarf;
				ENABLE_STRICT_OBJC_MSGSEND = YES;
				ENABLE_TESTABILITY = YES;
				GCC_C_LANGUAGE_STANDARD = gnu11;
				GCC_DYNAMIC_NO_PIC = NO;
				GCC_NO_COMMON_BLOCKS = YES;
				GCC_OPTIMIZATION_LEVEL = 0;
				GCC_PREPROCESSOR_DEFINITIONS = (
					"DEBUG=1",
					"$(inherited)",
				);
				GCC_WARN_64_TO_32_BIT_CONVERSION = YES;
				GCC_WARN_ABOUT_RETURN_TYPE = YES_ERROR;
				GCC_WARN_UNDECLARED_SELECTOR = YES;
				GCC_WARN_UNINITIALIZED_AUTOS = YES_AGGRESSIVE;
				GCC_WARN_UNUSED_FUNCTION = YES;
				GCC_WARN_UNUSED_VARIABLE = YES;
				MTL_ENABLE_DEBUG_INFO = INCLUDE_SOURCE;
				MTL_FAST_MATH = YES;
				ONLY_ACTIVE_ARCH = YES;
				SWIFT_ACTIVE_COMPILATION_CONDITIONS = DEBUG;
				SWIFT_OPTIMIZATION_LEVEL = "-Onone";
			};
			name = Debug;
		};
		5FC8CFCC28E1971000032DA4 /* Release */ = {
			isa = XCBuildConfiguration;
			buildSettings = {
				ALWAYS_SEARCH_USER_PATHS = NO;
				CLANG_ANALYZER_NONNULL = YES;
				CLANG_ANALYZER_NUMBER_OBJECT_CONVERSION = YES_AGGRESSIVE;
				CLANG_CXX_LANGUAGE_STANDARD = "gnu++20";
				CLANG_ENABLE_MODULES = YES;
				CLANG_ENABLE_OBJC_ARC = YES;
				CLANG_ENABLE_OBJC_WEAK = YES;
				CLANG_WARN_BLOCK_CAPTURE_AUTORELEASING = YES;
				CLANG_WARN_BOOL_CONVERSION = YES;
				CLANG_WARN_COMMA = YES;
				CLANG_WARN_CONSTANT_CONVERSION = YES;
				CLANG_WARN_DEPRECATED_OBJC_IMPLEMENTATIONS = YES;
				CLANG_WARN_DIRECT_OBJC_ISA_USAGE = YES_ERROR;
				CLANG_WARN_DOCUMENTATION_COMMENTS = YES;
				CLANG_WARN_EMPTY_BODY = YES;
				CLANG_WARN_ENUM_CONVERSION = YES;
				CLANG_WARN_INFINITE_RECURSION = YES;
				CLANG_WARN_INT_CONVERSION = YES;
				CLANG_WARN_NON_LITERAL_NULL_CONVERSION = YES;
				CLANG_WARN_OBJC_IMPLICIT_RETAIN_SELF = YES;
				CLANG_WARN_OBJC_LITERAL_CONVERSION = YES;
				CLANG_WARN_OBJC_ROOT_CLASS = YES_ERROR;
				CLANG_WARN_QUOTED_INCLUDE_IN_FRAMEWORK_HEADER = YES;
				CLANG_WARN_RANGE_LOOP_ANALYSIS = YES;
				CLANG_WARN_STRICT_PROTOTYPES = YES;
				CLANG_WARN_SUSPICIOUS_MOVE = YES;
				CLANG_WARN_UNGUARDED_AVAILABILITY = YES_AGGRESSIVE;
				CLANG_WARN_UNREACHABLE_CODE = YES;
				CLANG_WARN__DUPLICATE_METHOD_MATCH = YES;
				COPY_PHASE_STRIP = NO;
				DEBUG_INFORMATION_FORMAT = "dwarf-with-dsym";
				ENABLE_NS_ASSERTIONS = NO;
				ENABLE_STRICT_OBJC_MSGSEND = YES;
				GCC_C_LANGUAGE_STANDARD = gnu11;
				GCC_NO_COMMON_BLOCKS = YES;
				GCC_WARN_64_TO_32_BIT_CONVERSION = YES;
				GCC_WARN_ABOUT_RETURN_TYPE = YES_ERROR;
				GCC_WARN_UNDECLARED_SELECTOR = YES;
				GCC_WARN_UNINITIALIZED_AUTOS = YES_AGGRESSIVE;
				GCC_WARN_UNUSED_FUNCTION = YES;
				GCC_WARN_UNUSED_VARIABLE = YES;
				MTL_ENABLE_DEBUG_INFO = NO;
				MTL_FAST_MATH = YES;
				SWIFT_COMPILATION_MODE = wholemodule;
				SWIFT_OPTIMIZATION_LEVEL = "-O";
			};
			name = Release;
		};
		5FC8CFCE28E1971000032DA4 /* Debug */ = {
			isa = XCBuildConfiguration;
			buildSettings = {
				ASSETCATALOG_COMPILER_APPICON_NAME = AppIcon;
				ASSETCATALOG_COMPILER_GLOBAL_ACCENT_COLOR_NAME = AccentColor;
				CODE_SIGN_ENTITLEMENTS = "ConstantBPM Watch App/ConstantBPM Watch App.entitlements";
				CODE_SIGN_STYLE = Automatic;
				CURRENT_PROJECT_VERSION = 1;
				DEVELOPMENT_ASSET_PATHS = "\"ConstantBPM Watch App/Preview Content\"";
				DEVELOPMENT_TEAM = AMRG6X9H9J;
				ENABLE_PREVIEWS = YES;
				GENERATE_INFOPLIST_FILE = YES;
				INFOPLIST_KEY_CFBundleDisplayName = ConstantBPM;
				INFOPLIST_KEY_NSHealthShareUsageDescription = "Use of the Health Share Usage";
				INFOPLIST_KEY_NSHealthUpdateUsageDescription = "Use of the Health Update Usage";
				INFOPLIST_KEY_UISupportedInterfaceOrientations = "UIInterfaceOrientationPortrait UIInterfaceOrientationPortraitUpsideDown";
				INFOPLIST_KEY_WKWatchOnly = YES;
				LD_RUNPATH_SEARCH_PATHS = (
					"$(inherited)",
					"@executable_path/Frameworks",
				);
				MARKETING_VERSION = 1.0;
				PRODUCT_BUNDLE_IDENTIFIER = com.pausabe.ConstantBPM.watchkitapp;
				PRODUCT_NAME = "$(TARGET_NAME)";
				SDKROOT = watchos;
				SKIP_INSTALL = YES;
				SWIFT_EMIT_LOC_STRINGS = YES;
				SWIFT_VERSION = 5.0;
				TARGETED_DEVICE_FAMILY = 4;
				WATCHOS_DEPLOYMENT_TARGET = 9.0;
			};
			name = Debug;
		};
		5FC8CFCF28E1971000032DA4 /* Release */ = {
			isa = XCBuildConfiguration;
			buildSettings = {
				ASSETCATALOG_COMPILER_APPICON_NAME = AppIcon;
				ASSETCATALOG_COMPILER_GLOBAL_ACCENT_COLOR_NAME = AccentColor;
				CODE_SIGN_ENTITLEMENTS = "ConstantBPM Watch App/ConstantBPM Watch App.entitlements";
				CODE_SIGN_STYLE = Automatic;
				CURRENT_PROJECT_VERSION = 1;
				DEVELOPMENT_ASSET_PATHS = "\"ConstantBPM Watch App/Preview Content\"";
				DEVELOPMENT_TEAM = AMRG6X9H9J;
				ENABLE_PREVIEWS = YES;
				GENERATE_INFOPLIST_FILE = YES;
				INFOPLIST_KEY_CFBundleDisplayName = ConstantBPM;
				INFOPLIST_KEY_NSHealthShareUsageDescription = "Use of the Health Share Usage";
				INFOPLIST_KEY_NSHealthUpdateUsageDescription = "Use of the Health Update Usage";
				INFOPLIST_KEY_UISupportedInterfaceOrientations = "UIInterfaceOrientationPortrait UIInterfaceOrientationPortraitUpsideDown";
				INFOPLIST_KEY_WKWatchOnly = YES;
				LD_RUNPATH_SEARCH_PATHS = (
					"$(inherited)",
					"@executable_path/Frameworks",
				);
				MARKETING_VERSION = 1.0;
				PRODUCT_BUNDLE_IDENTIFIER = com.pausabe.ConstantBPM.watchkitapp;
				PRODUCT_NAME = "$(TARGET_NAME)";
				SDKROOT = watchos;
				SKIP_INSTALL = YES;
				SWIFT_EMIT_LOC_STRINGS = YES;
				SWIFT_VERSION = 5.0;
				TARGETED_DEVICE_FAMILY = 4;
				VALIDATE_PRODUCT = YES;
				WATCHOS_DEPLOYMENT_TARGET = 9.0;
			};
			name = Release;
		};
		5FC8CFD228E1971000032DA4 /* Debug */ = {
			isa = XCBuildConfiguration;
			buildSettings = {
				ALWAYS_EMBED_SWIFT_STANDARD_LIBRARIES = YES;
				CODE_SIGN_STYLE = Automatic;
				CURRENT_PROJECT_VERSION = 1;
				DEVELOPMENT_TEAM = AMRG6X9H9J;
				INFOPLIST_KEY_CFBundleDisplayName = ConstantBPM;
				MARKETING_VERSION = 1.0;
				PRODUCT_BUNDLE_IDENTIFIER = com.pausabe.ConstantBPM;
				PRODUCT_NAME = "$(TARGET_NAME)";
				SDKROOT = iphoneos;
				SWIFT_VERSION = 5.0;
			};
			name = Debug;
		};
		5FC8CFD328E1971000032DA4 /* Release */ = {
			isa = XCBuildConfiguration;
			buildSettings = {
				ALWAYS_EMBED_SWIFT_STANDARD_LIBRARIES = YES;
				CODE_SIGN_STYLE = Automatic;
				CURRENT_PROJECT_VERSION = 1;
				DEVELOPMENT_TEAM = AMRG6X9H9J;
				INFOPLIST_KEY_CFBundleDisplayName = ConstantBPM;
				MARKETING_VERSION = 1.0;
				PRODUCT_BUNDLE_IDENTIFIER = com.pausabe.ConstantBPM;
				PRODUCT_NAME = "$(TARGET_NAME)";
				SDKROOT = iphoneos;
				SWIFT_VERSION = 5.0;
				VALIDATE_PRODUCT = YES;
			};
			name = Release;
		};
		5FC8CFD528E1971000032DA4 /* Debug */ = {
			isa = XCBuildConfiguration;
			buildSettings = {
				ALWAYS_EMBED_SWIFT_STANDARD_LIBRARIES = YES;
				BUNDLE_LOADER = "$(TEST_HOST)";
				CODE_SIGN_STYLE = Automatic;
				CURRENT_PROJECT_VERSION = 1;
				DEVELOPMENT_TEAM = AMRG6X9H9J;
				GENERATE_INFOPLIST_FILE = YES;
				MARKETING_VERSION = 1.0;
				PRODUCT_BUNDLE_IDENTIFIER = "com.pausabe.ConstantBPM-Watch-AppTests";
				PRODUCT_NAME = "$(TARGET_NAME)";
				SDKROOT = watchos;
				SWIFT_EMIT_LOC_STRINGS = NO;
				SWIFT_VERSION = 5.0;
				TARGETED_DEVICE_FAMILY = 4;
				TEST_HOST = "$(BUILT_PRODUCTS_DIR)/ConstantBPM Watch App.app/$(BUNDLE_EXECUTABLE_FOLDER_PATH)/ConstantBPM Watch App";
				WATCHOS_DEPLOYMENT_TARGET = 9.0;
			};
			name = Debug;
		};
		5FC8CFD628E1971000032DA4 /* Release */ = {
			isa = XCBuildConfiguration;
			buildSettings = {
				ALWAYS_EMBED_SWIFT_STANDARD_LIBRARIES = YES;
				BUNDLE_LOADER = "$(TEST_HOST)";
				CODE_SIGN_STYLE = Automatic;
				CURRENT_PROJECT_VERSION = 1;
				DEVELOPMENT_TEAM = AMRG6X9H9J;
				GENERATE_INFOPLIST_FILE = YES;
				MARKETING_VERSION = 1.0;
				PRODUCT_BUNDLE_IDENTIFIER = "com.pausabe.ConstantBPM-Watch-AppTests";
				PRODUCT_NAME = "$(TARGET_NAME)";
				SDKROOT = watchos;
				SWIFT_EMIT_LOC_STRINGS = NO;
				SWIFT_VERSION = 5.0;
				TARGETED_DEVICE_FAMILY = 4;
				TEST_HOST = "$(BUILT_PRODUCTS_DIR)/ConstantBPM Watch App.app/$(BUNDLE_EXECUTABLE_FOLDER_PATH)/ConstantBPM Watch App";
				VALIDATE_PRODUCT = YES;
				WATCHOS_DEPLOYMENT_TARGET = 9.0;
			};
			name = Release;
		};
		5FC8CFD828E1971000032DA4 /* Debug */ = {
			isa = XCBuildConfiguration;
			buildSettings = {
				ALWAYS_EMBED_SWIFT_STANDARD_LIBRARIES = YES;
				CODE_SIGN_STYLE = Automatic;
				CURRENT_PROJECT_VERSION = 1;
				DEVELOPMENT_TEAM = AMRG6X9H9J;
				GENERATE_INFOPLIST_FILE = YES;
				MARKETING_VERSION = 1.0;
				PRODUCT_BUNDLE_IDENTIFIER = "com.pausabe.ConstantBPM-Watch-AppUITests";
				PRODUCT_NAME = "$(TARGET_NAME)";
				SDKROOT = watchos;
				SWIFT_EMIT_LOC_STRINGS = NO;
				SWIFT_VERSION = 5.0;
				TARGETED_DEVICE_FAMILY = 4;
				TEST_TARGET_NAME = "ConstantBPM Watch App";
				WATCHOS_DEPLOYMENT_TARGET = 9.0;
			};
			name = Debug;
		};
		5FC8CFD928E1971000032DA4 /* Release */ = {
			isa = XCBuildConfiguration;
			buildSettings = {
				ALWAYS_EMBED_SWIFT_STANDARD_LIBRARIES = YES;
				CODE_SIGN_STYLE = Automatic;
				CURRENT_PROJECT_VERSION = 1;
				DEVELOPMENT_TEAM = AMRG6X9H9J;
				GENERATE_INFOPLIST_FILE = YES;
				MARKETING_VERSION = 1.0;
				PRODUCT_BUNDLE_IDENTIFIER = "com.pausabe.ConstantBPM-Watch-AppUITests";
				PRODUCT_NAME = "$(TARGET_NAME)";
				SDKROOT = watchos;
				SWIFT_EMIT_LOC_STRINGS = NO;
				SWIFT_VERSION = 5.0;
				TARGETED_DEVICE_FAMILY = 4;
				TEST_TARGET_NAME = "ConstantBPM Watch App";
				VALIDATE_PRODUCT = YES;
				WATCHOS_DEPLOYMENT_TARGET = 9.0;
			};
			name = Release;
		};
		5FC8D00128E1B82900032DA4 /* Debug */ = {
			isa = XCBuildConfiguration;
			buildSettings = {
				CODE_SIGN_STYLE = Automatic;
				CURRENT_PROJECT_VERSION = 1;
				DEFINES_MODULE = YES;
				DEVELOPMENT_TEAM = AMRG6X9H9J;
				DYLIB_COMPATIBILITY_VERSION = 1;
				DYLIB_CURRENT_VERSION = 1;
				DYLIB_INSTALL_NAME_BASE = "@rpath";
				GENERATE_INFOPLIST_FILE = YES;
				INFOPLIST_KEY_NSHumanReadableCopyright = "";
				INSTALL_PATH = "$(LOCAL_LIBRARY_DIR)/Frameworks";
				LD_RUNPATH_SEARCH_PATHS = (
					"$(inherited)",
					"@executable_path/Frameworks",
					"@loader_path/Frameworks",
				);
				MARKETING_VERSION = 1.0;
				PRODUCT_BUNDLE_IDENTIFIER = com.pausabe.Framework;
				PRODUCT_NAME = "$(TARGET_NAME:c99extidentifier)";
				SDKROOT = watchos;
				SKIP_INSTALL = YES;
				SWIFT_EMIT_LOC_STRINGS = YES;
				SWIFT_VERSION = 5.0;
				TARGETED_DEVICE_FAMILY = 4;
				VERSIONING_SYSTEM = "apple-generic";
				VERSION_INFO_PREFIX = "";
				WATCHOS_DEPLOYMENT_TARGET = 9.0;
			};
			name = Debug;
		};
		5FC8D00228E1B82900032DA4 /* Release */ = {
			isa = XCBuildConfiguration;
			buildSettings = {
				CODE_SIGN_STYLE = Automatic;
				CURRENT_PROJECT_VERSION = 1;
				DEFINES_MODULE = YES;
				DEVELOPMENT_TEAM = AMRG6X9H9J;
				DYLIB_COMPATIBILITY_VERSION = 1;
				DYLIB_CURRENT_VERSION = 1;
				DYLIB_INSTALL_NAME_BASE = "@rpath";
				GENERATE_INFOPLIST_FILE = YES;
				INFOPLIST_KEY_NSHumanReadableCopyright = "";
				INSTALL_PATH = "$(LOCAL_LIBRARY_DIR)/Frameworks";
				LD_RUNPATH_SEARCH_PATHS = (
					"$(inherited)",
					"@executable_path/Frameworks",
					"@loader_path/Frameworks",
				);
				MARKETING_VERSION = 1.0;
				PRODUCT_BUNDLE_IDENTIFIER = com.pausabe.Framework;
				PRODUCT_NAME = "$(TARGET_NAME:c99extidentifier)";
				SDKROOT = watchos;
				SKIP_INSTALL = YES;
				SWIFT_EMIT_LOC_STRINGS = YES;
				SWIFT_VERSION = 5.0;
				TARGETED_DEVICE_FAMILY = 4;
				VALIDATE_PRODUCT = YES;
				VERSIONING_SYSTEM = "apple-generic";
				VERSION_INFO_PREFIX = "";
				WATCHOS_DEPLOYMENT_TARGET = 9.0;
			};
			name = Release;
		};
		5FC8D00428E1B82900032DA4 /* Debug */ = {
			isa = XCBuildConfiguration;
			buildSettings = {
				CODE_SIGN_STYLE = Automatic;
				CURRENT_PROJECT_VERSION = 1;
				DEVELOPMENT_TEAM = AMRG6X9H9J;
				GENERATE_INFOPLIST_FILE = YES;
				MARKETING_VERSION = 1.0;
				PRODUCT_BUNDLE_IDENTIFIER = com.pausabe.FrameworkTests;
				PRODUCT_NAME = "$(TARGET_NAME)";
				SDKROOT = watchos;
				SWIFT_EMIT_LOC_STRINGS = NO;
				SWIFT_VERSION = 5.0;
				TARGETED_DEVICE_FAMILY = 4;
				WATCHOS_DEPLOYMENT_TARGET = 9.0;
			};
			name = Debug;
		};
		5FC8D00528E1B82900032DA4 /* Release */ = {
			isa = XCBuildConfiguration;
			buildSettings = {
				CODE_SIGN_STYLE = Automatic;
				CURRENT_PROJECT_VERSION = 1;
				DEVELOPMENT_TEAM = AMRG6X9H9J;
				GENERATE_INFOPLIST_FILE = YES;
				MARKETING_VERSION = 1.0;
				PRODUCT_BUNDLE_IDENTIFIER = com.pausabe.FrameworkTests;
				PRODUCT_NAME = "$(TARGET_NAME)";
				SDKROOT = watchos;
				SWIFT_EMIT_LOC_STRINGS = NO;
				SWIFT_VERSION = 5.0;
				TARGETED_DEVICE_FAMILY = 4;
				VALIDATE_PRODUCT = YES;
				WATCHOS_DEPLOYMENT_TARGET = 9.0;
			};
			name = Release;
		};
/* End XCBuildConfiguration section */

/* Begin XCConfigurationList section */
		5FC8CF9E28E1970F00032DA4 /* Build configuration list for PBXProject "ConstantBPM" */ = {
			isa = XCConfigurationList;
			buildConfigurations = (
				5FC8CFCB28E1971000032DA4 /* Debug */,
				5FC8CFCC28E1971000032DA4 /* Release */,
			);
			defaultConfigurationIsVisible = 0;
			defaultConfigurationName = Release;
		};
		5FC8CFCD28E1971000032DA4 /* Build configuration list for PBXNativeTarget "ConstantBPM Watch App" */ = {
			isa = XCConfigurationList;
			buildConfigurations = (
				5FC8CFCE28E1971000032DA4 /* Debug */,
				5FC8CFCF28E1971000032DA4 /* Release */,
			);
			defaultConfigurationIsVisible = 0;
			defaultConfigurationName = Release;
		};
		5FC8CFD128E1971000032DA4 /* Build configuration list for PBXNativeTarget "ConstantBPM" */ = {
			isa = XCConfigurationList;
			buildConfigurations = (
				5FC8CFD228E1971000032DA4 /* Debug */,
				5FC8CFD328E1971000032DA4 /* Release */,
			);
			defaultConfigurationIsVisible = 0;
			defaultConfigurationName = Release;
		};
		5FC8CFD428E1971000032DA4 /* Build configuration list for PBXNativeTarget "ConstantBPM Watch AppTests" */ = {
			isa = XCConfigurationList;
			buildConfigurations = (
				5FC8CFD528E1971000032DA4 /* Debug */,
				5FC8CFD628E1971000032DA4 /* Release */,
			);
			defaultConfigurationIsVisible = 0;
			defaultConfigurationName = Release;
		};
		5FC8CFD728E1971000032DA4 /* Build configuration list for PBXNativeTarget "ConstantBPM Watch AppUITests" */ = {
			isa = XCConfigurationList;
			buildConfigurations = (
				5FC8CFD828E1971000032DA4 /* Debug */,
				5FC8CFD928E1971000032DA4 /* Release */,
			);
			defaultConfigurationIsVisible = 0;
			defaultConfigurationName = Release;
		};
		5FC8D00028E1B82900032DA4 /* Build configuration list for PBXNativeTarget "Framework" */ = {
			isa = XCConfigurationList;
			buildConfigurations = (
				5FC8D00128E1B82900032DA4 /* Debug */,
				5FC8D00228E1B82900032DA4 /* Release */,
			);
			defaultConfigurationIsVisible = 0;
			defaultConfigurationName = Release;
		};
		5FC8D00328E1B82900032DA4 /* Build configuration list for PBXNativeTarget "FrameworkTests" */ = {
			isa = XCConfigurationList;
			buildConfigurations = (
				5FC8D00428E1B82900032DA4 /* Debug */,
				5FC8D00528E1B82900032DA4 /* Release */,
			);
			defaultConfigurationIsVisible = 0;
			defaultConfigurationName = Release;
		};
/* End XCConfigurationList section */
	};
	rootObject = 5FC8CF9B28E1970F00032DA4 /* Project object */;
}
